
Microsoft Visual Studio Solution File, Format Version 12.00
# Visual Studio Version 17
VisualStudioVersion = 17.9.34728.123
MinimumVisualStudioVersion = 10.0.40219.1
Project("{FAE04EC0-301F-11D3-BF4B-00C04F79EFBC}") = "TimeSync v2.04", "TimeSync v2.04\TimeSync v2.04.csproj", "{FE30B8B0-EAB3-4F9F-B68B-87F0FD46879A}"
EndProject
Global
	GlobalSection(SolutionConfigurationPlatforms) = preSolution
		Debug|Any CPU = Debug|Any CPU
		Release|Any CPU = Release|Any CPU
	EndGlobalSection
	GlobalSection(ProjectConfigurationPlatforms) = postSolution
		{FE30B8B0-EAB3-4F9F-B68B-87F0FD46879A}.Debug|Any CPU.ActiveCfg = Debug|Any CPU
		{FE30B8B0-EAB3-4F9F-B68B-87F0FD46879A}.Debug|Any CPU.Build.0 = Debug|Any CPU
		{FE30B8B0-EAB3-4F9F-B68B-87F0FD46879A}.Release|Any CPU.ActiveCfg = Release|Any CPU
		{FE30B8B0-EAB3-4F9F-B68B-87F0FD46879A}.Release|Any CPU.Build.0 = Release|Any CPU
	EndGlobalSection
	GlobalSection(SolutionProperties) = preSolution
		HideSolutionNode = FALSE
	EndGlobalSection
	GlobalSection(ExtensibilityGlobals) = postSolution
		SolutionGuid = {06993215-8B88-4513-A3C4-DD1471A0EB54}
	EndGlobalSection
EndGlobal
